{
  "originHash" : "a8fdce6637a149e356da3e7aa2135372c71ae1a5e9ced7cc4108545ee7a77265",
  "pins" : [
    {
      "identity" : "libghostty-spm",
      "kind" : "remoteSourceControl",
      "location" : "https://github.com/winoooops/libghostty-spm.git",
      "state" : {
        "revision" : "fe5c19bd2db3f876e22089651a446bbf3cc73758"
      }
    },
    {
      "identity" : "msdisplaylink",
      "kind" : "remoteSourceControl",
      "location" : "https://github.com/Lakr233/MSDisplayLink.git",
      "state" : {
        "revision" : "1ba3e769b734e456317fa7e45321fa7f53eefb67",
        "version" : "2.1.0"
      }
    }
  ],
  "version" : 3
}
