{
  "originHash" : "5405e1675efc52866d0a3e6a994a20ff8cbdc7efaf061be3652aa4ad444f3a5e",
  "pins" : [
    {
      "identity" : "libghostty-spm",
      "kind" : "remoteSourceControl",
      "location" : "https://github.com/winoooops/libghostty-spm.git",
      "state" : {
        "revision" : "5a965cab35898fc1dd696a9db7f3cc2276cd7ee2"
      }
    },
    {
      "identity" : "msdisplaylink",
      "kind" : "remoteSourceControl",
      "location" : "https://github.com/Lakr233/MSDisplayLink.git",
      "state" : {
        "revision" : "1ba3e769b734e456317fa7e45321fa7f53eefb67",
        "version" : "2.1.0"
      }
    }
  ],
  "version" : 3
}
