{
  "originHash" : "1099c7a486b5a7ebd2785c6f13365a8c9524e13564b9e5f30b4942bf24577f9c",
  "pins" : [
    {
      "identity" : "libghostty-spm",
      "kind" : "remoteSourceControl",
      "location" : "https://github.com/winoooops/libghostty-spm.git",
      "state" : {
        "revision" : "97ee130e51c5a220fa7766613346ff115f9580c8"
      }
    },
    {
      "identity" : "msdisplaylink",
      "kind" : "remoteSourceControl",
      "location" : "https://github.com/Lakr233/MSDisplayLink.git",
      "state" : {
        "revision" : "1ba3e769b734e456317fa7e45321fa7f53eefb67",
        "version" : "2.1.0"
      }
    }
  ],
  "version" : 3
}
